
Microsoft Visual Studio Solution File, Format Version 12.00
# Visual Studio Version 16
VisualStudioVersion = 16.0.31410.357
MinimumVisualStudioVersion = 10.0.40219.1
Project("{9A19103F-16F7-4668-BE54-9A1E7A4F7556}") = "SchoolManagement.WebService", "SchoolManagement.WebService\SchoolManagement.WebService.csproj", "{BD0A425E-5D66-4876-91D5-B5F35A678BD2}"
EndProject
Project("{9A19103F-16F7-4668-BE54-9A1E7A4F7556}") = "SchoolManagement.Business", "SchoolManagement.Business\SchoolManagement.Business.csproj", "{DCC80AA5-75AD-4F10-976B-CEA0B84FB70D}"
EndProject
Project("{9A19103F-16F7-4668-BE54-9A1E7A4F7556}") = "SchoolManagement.Data", "SchoolManagement.Data\SchoolManagement.Data.csproj", "{1A3231C7-0145-4449-9C4E-D9C282217C10}"
EndProject
Project("{9A19103F-16F7-4668-BE54-9A1E7A4F7556}") = "SchoolManagement.Model", "SchoolManagement.Model\SchoolManagement.Model.csproj", "{6506BEE3-F5E3-4525-8655-982043C45263}"
EndProject
Project("{9A19103F-16F7-4668-BE54-9A1E7A4F7556}") = "SchoolManagement.Util", "SchoolManagement.Util\SchoolManagement.Util.csproj", "{243BB23E-5A71-4895-9351-6C00C493065D}"
EndProject
Project("{9A19103F-16F7-4668-BE54-9A1E7A4F7556}") = "SchoolManagement.ViewModel", "SchoolManagement.ViewModel\SchoolManagement.ViewModel.csproj", "{79DEA8A8-CC6A-4119-B6BE-4A7530851D33}"
EndProject
Project("{9A19103F-16F7-4668-BE54-9A1E7A4F7556}") = "SchoolManagement.Master.Data", "SchoolManagement.Master.Data\SchoolManagement.Master.Data.csproj", "{503ECBEF-51FF-4C1D-B227-B6892FEE5A53}"
EndProject
Project("{FAE04EC0-301F-11D3-BF4B-00C04F79EFBC}") = "SchoolManagement.ExcelHelper", "SchoolManagement.ExcelHelper\SchoolManagement.ExcelHelper.csproj", "{314BA6D4-7B4C-4D9F-B151-8742817CCB61}"
EndProject
Global
	GlobalSection(SolutionConfigurationPlatforms) = preSolution
		Debug|Any CPU = Debug|Any CPU
		Release|Any CPU = Release|Any CPU
	EndGlobalSection
	GlobalSection(ProjectConfigurationPlatforms) = postSolution
		{BD0A425E-5D66-4876-91D5-B5F35A678BD2}.Debug|Any CPU.ActiveCfg = Debug|Any CPU
		{BD0A425E-5D66-4876-91D5-B5F35A678BD2}.Debug|Any CPU.Build.0 = Debug|Any CPU
		{BD0A425E-5D66-4876-91D5-B5F35A678BD2}.Release|Any CPU.ActiveCfg = Release|Any CPU
		{BD0A425E-5D66-4876-91D5-B5F35A678BD2}.Release|Any CPU.Build.0 = Release|Any CPU
		{DCC80AA5-75AD-4F10-976B-CEA0B84FB70D}.Debug|Any CPU.ActiveCfg = Debug|Any CPU
		{DCC80AA5-75AD-4F10-976B-CEA0B84FB70D}.Debug|Any CPU.Build.0 = Debug|Any CPU
		{DCC80AA5-75AD-4F10-976B-CEA0B84FB70D}.Release|Any CPU.ActiveCfg = Release|Any CPU
		{DCC80AA5-75AD-4F10-976B-CEA0B84FB70D}.Release|Any CPU.Build.0 = Release|Any CPU
		{1A3231C7-0145-4449-9C4E-D9C282217C10}.Debug|Any CPU.ActiveCfg = Debug|Any CPU
		{1A3231C7-0145-4449-9C4E-D9C282217C10}.Debug|Any CPU.Build.0 = Debug|Any CPU
		{1A3231C7-0145-4449-9C4E-D9C282217C10}.Release|Any CPU.ActiveCfg = Release|Any CPU
		{1A3231C7-0145-4449-9C4E-D9C282217C10}.Release|Any CPU.Build.0 = Release|Any CPU
		{6506BEE3-F5E3-4525-8655-982043C45263}.Debug|Any CPU.ActiveCfg = Debug|Any CPU
		{6506BEE3-F5E3-4525-8655-982043C45263}.Debug|Any CPU.Build.0 = Debug|Any CPU
		{6506BEE3-F5E3-4525-8655-982043C45263}.Release|Any CPU.ActiveCfg = Release|Any CPU
		{6506BEE3-F5E3-4525-8655-982043C45263}.Release|Any CPU.Build.0 = Release|Any CPU
		{243BB23E-5A71-4895-9351-6C00C493065D}.Debug|Any CPU.ActiveCfg = Debug|Any CPU
		{243BB23E-5A71-4895-9351-6C00C493065D}.Debug|Any CPU.Build.0 = Debug|Any CPU
		{243BB23E-5A71-4895-9351-6C00C493065D}.Release|Any CPU.ActiveCfg = Release|Any CPU
		{243BB23E-5A71-4895-9351-6C00C493065D}.Release|Any CPU.Build.0 = Release|Any CPU
		{79DEA8A8-CC6A-4119-B6BE-4A7530851D33}.Debug|Any CPU.ActiveCfg = Debug|Any CPU
		{79DEA8A8-CC6A-4119-B6BE-4A7530851D33}.Debug|Any CPU.Build.0 = Debug|Any CPU
		{79DEA8A8-CC6A-4119-B6BE-4A7530851D33}.Release|Any CPU.ActiveCfg = Release|Any CPU
		{79DEA8A8-CC6A-4119-B6BE-4A7530851D33}.Release|Any CPU.Build.0 = Release|Any CPU
		{503ECBEF-51FF-4C1D-B227-B6892FEE5A53}.Debug|Any CPU.ActiveCfg = Debug|Any CPU
		{503ECBEF-51FF-4C1D-B227-B6892FEE5A53}.Debug|Any CPU.Build.0 = Debug|Any CPU
		{503ECBEF-51FF-4C1D-B227-B6892FEE5A53}.Release|Any CPU.ActiveCfg = Release|Any CPU
		{503ECBEF-51FF-4C1D-B227-B6892FEE5A53}.Release|Any CPU.Build.0 = Release|Any CPU
		{314BA6D4-7B4C-4D9F-B151-8742817CCB61}.Debug|Any CPU.ActiveCfg = Debug|Any CPU
		{314BA6D4-7B4C-4D9F-B151-8742817CCB61}.Debug|Any CPU.Build.0 = Debug|Any CPU
		{314BA6D4-7B4C-4D9F-B151-8742817CCB61}.Release|Any CPU.ActiveCfg = Release|Any CPU
		{314BA6D4-7B4C-4D9F-B151-8742817CCB61}.Release|Any CPU.Build.0 = Release|Any CPU
	EndGlobalSection
	GlobalSection(SolutionProperties) = preSolution
		HideSolutionNode = FALSE
	EndGlobalSection
	GlobalSection(ExtensibilityGlobals) = postSolution
		SolutionGuid = {3F6F477C-F7BE-4BC1-A440-FF152ED94ED9}
	EndGlobalSection
EndGlobal
